
Microsoft Visual Studio Solution File, Format Version 12.00
# Visual Studio Version 16
VisualStudioVersion = 16.0.810.8
MinimumVisualStudioVersion = 10.0.40219.1
Project("{FAE04EC0-301F-11D3-BF4B-00C04F79EFBC}") = "Planner", "Planner\Planner.csproj", "{85FE47FF-8155-4DBB-9DA2-01A836D75303}"
EndProject
Project("{FAE04EC0-301F-11D3-BF4B-00C04F79EFBC}") = "PrimeService.Tests", "PrimeService.Tests\PrimeService.Tests.csproj", "{DA0E243D-8072-40C8-B6F8-5615C078E372}"
EndProject
Global
	GlobalSection(SolutionConfigurationPlatforms) = preSolution
		Debug|Any CPU = Debug|Any CPU
		Release|Any CPU = Release|Any CPU
	EndGlobalSection
	GlobalSection(ProjectConfigurationPlatforms) = postSolution
		{85FE47FF-8155-4DBB-9DA2-01A836D75303}.Debug|Any CPU.ActiveCfg = Debug|Any CPU
		{85FE47FF-8155-4DBB-9DA2-01A836D75303}.Debug|Any CPU.Build.0 = Debug|Any CPU
		{85FE47FF-8155-4DBB-9DA2-01A836D75303}.Release|Any CPU.ActiveCfg = Release|Any CPU
		{85FE47FF-8155-4DBB-9DA2-01A836D75303}.Release|Any CPU.Build.0 = Release|Any CPU
		{DA0E243D-8072-40C8-B6F8-5615C078E372}.Debug|Any CPU.ActiveCfg = Debug|Any CPU
		{DA0E243D-8072-40C8-B6F8-5615C078E372}.Debug|Any CPU.Build.0 = Debug|Any CPU
		{DA0E243D-8072-40C8-B6F8-5615C078E372}.Release|Any CPU.ActiveCfg = Release|Any CPU
		{DA0E243D-8072-40C8-B6F8-5615C078E372}.Release|Any CPU.Build.0 = Release|Any CPU
	EndGlobalSection
	GlobalSection(SolutionProperties) = preSolution
		HideSolutionNode = FALSE
	EndGlobalSection
	GlobalSection(ExtensibilityGlobals) = postSolution
		SolutionGuid = {4A0B93DA-4EDE-427C-9CEA-3F083195611E}
	EndGlobalSection
EndGlobal
